
Microsoft Visual Studio Solution File, Format Version 12.00
# Visual Studio Version 17
VisualStudioVersion = 17.14.36109.1 d17.14
MinimumVisualStudioVersion = 10.0.40219.1
Project("{FAE04EC0-301F-11D3-BF4B-00C04F79EFBC}") = "FruitCompany", "FruitCompany.csproj", "{A76F8C8F-7160-4896-BFF4-F1FE030979F3}"
EndProject
Global
	GlobalSection(SolutionConfigurationPlatforms) = preSolution
		Debug|Any CPU = Debug|Any CPU
		Release|Any CPU = Release|Any CPU
	EndGlobalSection
	GlobalSection(ProjectConfigurationPlatforms) = postSolution
		{A76F8C8F-7160-4896-BFF4-F1FE030979F3}.Debug|Any CPU.ActiveCfg = Debug|Any CPU
		{A76F8C8F-7160-4896-BFF4-F1FE030979F3}.Debug|Any CPU.Build.0 = Debug|Any CPU
		{A76F8C8F-7160-4896-BFF4-F1FE030979F3}.Release|Any CPU.ActiveCfg = Release|Any CPU
		{A76F8C8F-7160-4896-BFF4-F1FE030979F3}.Release|Any CPU.Build.0 = Release|Any CPU
	EndGlobalSection
	GlobalSection(SolutionProperties) = preSolution
		HideSolutionNode = FALSE
	EndGlobalSection
	GlobalSection(ExtensibilityGlobals) = postSolution
		SolutionGuid = {55AD60B3-D67B-4F9B-917B-AF9D1BC09E9E}
	EndGlobalSection
EndGlobal
